// !$*UTF8*$!
{
	archiveVersion = 1;
	classes = {
	};
	objectVersion = 50;
	objects = {

/* Begin PBXBuildFile section */
		B15F2D7C215C115800074A70 /* main.swift in Sources */ = {isa = PBXBuildFile; fileRef = B15F2D7B215C115800074A70 /* main.swift */; };
		B15F2D83215EA58A00074A70 /* Player.swift in Sources */ = {isa = PBXBuildFile; fileRef = B15F2D82215EA58A00074A70 /* Player.swift */; };
		B15F2D85215EC68300074A70 /* Team.swift in Sources */ = {isa = PBXBuildFile; fileRef = B15F2D84215EC68300074A70 /* Team.swift */; };
		B1BDB99C216549AC00EB54B0 /* Weapon.swift in Sources */ = {isa = PBXBuildFile; fileRef = B1BDB99B216549AC00EB54B0 /* Weapon.swift */; };
		B1BDB99E21654EC700EB54B0 /* Character.swift in Sources */ = {isa = PBXBuildFile; fileRef = B1BDB99D21654EC700EB54B0 /* Character.swift */; };
		B1BDB9A02167E10200EB54B0 /* Game.swift in Sources */ = {isa = PBXBuildFile; fileRef = B1BDB99F2167E10200EB54B0 /* Game.swift */; };
		B1BDB9A22167F08000EB54B0 /* Hache.swift in Sources */ = {isa = PBXBuildFile; fileRef = B1BDB9A12167F08000EB54B0 /* Hache.swift */; };
		B1BDB9A42167F08D00EB54B0 /* Epee.swift in Sources */ = {isa = PBXBuildFile; fileRef = B1BDB9A32167F08D00EB54B0 /* Epee.swift */; };
		B1BDB9A62167F09900EB54B0 /* Lance.swift in Sources */ = {isa = PBXBuildFile; fileRef = B1BDB9A52167F09900EB54B0 /* Lance.swift */; };
		B1BDB9A82167F0A800EB54B0 /* Sceptre.swift in Sources */ = {isa = PBXBuildFile; fileRef = B1BDB9A72167F0A800EB54B0 /* Sceptre.swift */; };
		B1BDB9AA2167F0B400EB54B0 /* Colosse.swift in Sources */ = {isa = PBXBuildFile; fileRef = B1BDB9A92167F0B400EB54B0 /* Colosse.swift */; };
		B1BDB9AC2167F0BF00EB54B0 /* Mage.swift in Sources */ = {isa = PBXBuildFile; fileRef = B1BDB9AB2167F0BF00EB54B0 /* Mage.swift */; };
		B1BDB9AE2167F0CA00EB54B0 /* Nain.swift in Sources */ = {isa = PBXBuildFile; fileRef = B1BDB9AD2167F0CA00EB54B0 /* Nain.swift */; };
		B1BDB9B02167F0D900EB54B0 /* Combattant.swift in Sources */ = {isa = PBXBuildFile; fileRef = B1BDB9AF2167F0D900EB54B0 /* Combattant.swift */; };
/* End PBXBuildFile section */

/* Begin PBXCopyFilesBuildPhase section */
		B15F2D76215C115800074A70 /* CopyFiles */ = {
			isa = PBXCopyFilesBuildPhase;
			buildActionMask = 2147483647;
			dstPath = /usr/share/man/man1/;
			dstSubfolderSpec = 0;
			files = (
			);
			runOnlyForDeploymentPostprocessing = 1;
		};
/* End PBXCopyFilesBuildPhase section */

/* Begin PBXFileReference section */
		B15F2D78215C115800074A70 /* CombatGame */ = {isa = PBXFileReference; explicitFileType = "compiled.mach-o.executable"; includeInIndex = 0; path = CombatGame; sourceTree = BUILT_PRODUCTS_DIR; };
		B15F2D7B215C115800074A70 /* main.swift */ = {isa = PBXFileReference; lastKnownFileType = sourcecode.swift; path = main.swift; sourceTree = "<group>"; };
		B15F2D82215EA58A00074A70 /* Player.swift */ = {isa = PBXFileReference; lastKnownFileType = sourcecode.swift; path = Player.swift; sourceTree = "<group>"; };
		B15F2D84215EC68300074A70 /* Team.swift */ = {isa = PBXFileReference; lastKnownFileType = sourcecode.swift; path = Team.swift; sourceTree = "<group>"; };
		B1BDB99B216549AC00EB54B0 /* Weapon.swift */ = {isa = PBXFileReference; lastKnownFileType = sourcecode.swift; path = Weapon.swift; sourceTree = "<group>"; };
		B1BDB99D21654EC700EB54B0 /* Character.swift */ = {isa = PBXFileReference; lastKnownFileType = sourcecode.swift; path = Character.swift; sourceTree = "<group>"; };
		B1BDB99F2167E10200EB54B0 /* Game.swift */ = {isa = PBXFileReference; lastKnownFileType = sourcecode.swift; path = Game.swift; sourceTree = "<group>"; };
		B1BDB9A12167F08000EB54B0 /* Hache.swift */ = {isa = PBXFileReference; lastKnownFileType = sourcecode.swift; path = Hache.swift; sourceTree = "<group>"; };
		B1BDB9A32167F08D00EB54B0 /* Epee.swift */ = {isa = PBXFileReference; lastKnownFileType = sourcecode.swift; path = Epee.swift; sourceTree = "<group>"; };
		B1BDB9A52167F09900EB54B0 /* Lance.swift */ = {isa = PBXFileReference; lastKnownFileType = sourcecode.swift; path = Lance.swift; sourceTree = "<group>"; };
		B1BDB9A72167F0A800EB54B0 /* Sceptre.swift */ = {isa = PBXFileReference; lastKnownFileType = sourcecode.swift; path = Sceptre.swift; sourceTree = "<group>"; };
		B1BDB9A92167F0B400EB54B0 /* Colosse.swift */ = {isa = PBXFileReference; lastKnownFileType = sourcecode.swift; path = Colosse.swift; sourceTree = "<group>"; };
		B1BDB9AB2167F0BF00EB54B0 /* Mage.swift */ = {isa = PBXFileReference; lastKnownFileType = sourcecode.swift; path = Mage.swift; sourceTree = "<group>"; };
		B1BDB9AD2167F0CA00EB54B0 /* Nain.swift */ = {isa = PBXFileReference; lastKnownFileType = sourcecode.swift; path = Nain.swift; sourceTree = "<group>"; };
		B1BDB9AF2167F0D900EB54B0 /* Combattant.swift */ = {isa = PBXFileReference; lastKnownFileType = sourcecode.swift; path = Combattant.swift; sourceTree = "<group>"; };
/* End PBXFileReference section */

/* Begin PBXFrameworksBuildPhase section */
		B15F2D75215C115800074A70 /* Frameworks */ = {
			isa = PBXFrameworksBuildPhase;
			buildActionMask = 2147483647;
			files = (
			);
			runOnlyForDeploymentPostprocessing = 0;
		};
/* End PBXFrameworksBuildPhase section */

/* Begin PBXGroup section */
		B15F2D6F215C115800074A70 = {
			isa = PBXGroup;
			children = (
				B15F2D7A215C115800074A70 /* CombatGame */,
				B15F2D79215C115800074A70 /* Products */,
			);
			sourceTree = "<group>";
		};
		B15F2D79215C115800074A70 /* Products */ = {
			isa = PBXGroup;
			children = (
				B15F2D78215C115800074A70 /* CombatGame */,
			);
			name = Products;
			sourceTree = "<group>";
		};
		B15F2D7A215C115800074A70 /* CombatGame */ = {
			isa = PBXGroup;
			children = (
				B15F2D7B215C115800074A70 /* main.swift */,
				B1BDB99F2167E10200EB54B0 /* Game.swift */,
				B15F2D84215EC68300074A70 /* Team.swift */,
				B1BDB9B52170A4A900EB54B0 /* Player */,
				B1BDB9B62170A4BB00EB54B0 /* Weapon */,
			);
			path = CombatGame;
			sourceTree = "<group>";
		};
		B1BDB9B52170A4A900EB54B0 /* Player */ = {
			isa = PBXGroup;
			children = (
				B15F2D82215EA58A00074A70 /* Player.swift */,
				B1BDB99D21654EC700EB54B0 /* Character.swift */,
				B1BDB9A92167F0B400EB54B0 /* Colosse.swift */,
				B1BDB9AB2167F0BF00EB54B0 /* Mage.swift */,
				B1BDB9AD2167F0CA00EB54B0 /* Nain.swift */,
				B1BDB9AF2167F0D900EB54B0 /* Combattant.swift */,
			);
			path = Player;
			sourceTree = "<group>";
		};
		B1BDB9B62170A4BB00EB54B0 /* Weapon */ = {
			isa = PBXGroup;
			children = (
				B1BDB99B216549AC00EB54B0 /* Weapon.swift */,
				B1BDB9A12167F08000EB54B0 /* Hache.swift */,
				B1BDB9A32167F08D00EB54B0 /* Epee.swift */,
				B1BDB9A52167F09900EB54B0 /* Lance.swift */,
				B1BDB9A72167F0A800EB54B0 /* Sceptre.swift */,
			);
			path = Weapon;
			sourceTree = "<group>";
		};
/* End PBXGroup section */

/* Begin PBXNativeTarget section */
		B15F2D77215C115800074A70 /* CombatGame */ = {
			isa = PBXNativeTarget;
			buildConfigurationList = B15F2D7F215C115800074A70 /* Build configuration list for PBXNativeTarget "CombatGame" */;
			buildPhases = (
				B15F2D74215C115800074A70 /* Sources */,
				B15F2D75215C115800074A70 /* Frameworks */,
				B15F2D76215C115800074A70 /* CopyFiles */,
			);
			buildRules = (
			);
			dependencies = (
			);
			name = CombatGame;
			productName = CombatGame;
			productReference = B15F2D78215C115800074A70 /* CombatGame */;
			productType = "com.apple.product-type.tool";
		};
/* End PBXNativeTarget section */

/* Begin PBXProject section */
		B15F2D70215C115800074A70 /* Project object */ = {
			isa = PBXProject;
			attributes = {
				LastSwiftUpdateCheck = 1000;
				LastUpgradeCheck = 1000;
				ORGANIZATIONNAME = "stephane verardo";
				TargetAttributes = {
					B15F2D77215C115800074A70 = {
						CreatedOnToolsVersion = 10.0;
					};
				};
			};
			buildConfigurationList = B15F2D73215C115800074A70 /* Build configuration list for PBXProject "CombatGame" */;
			compatibilityVersion = "Xcode 9.3";
			developmentRegion = en;
			hasScannedForEncodings = 0;
			knownRegions = (
				en,
			);
			mainGroup = B15F2D6F215C115800074A70;
			productRefGroup = B15F2D79215C115800074A70 /* Products */;
			projectDirPath = "";
			projectRoot = "";
			targets = (
				B15F2D77215C115800074A70 /* CombatGame */,
			);
		};
/* End PBXProject section */

/* Begin PBXSourcesBuildPhase section */
		B15F2D74215C115800074A70 /* Sources */ = {
			isa = PBXSourcesBuildPhase;
			buildActionMask = 2147483647;
			files = (
				B1BDB9B02167F0D900EB54B0 /* Combattant.swift in Sources */,
				B1BDB9A62167F09900EB54B0 /* Lance.swift in Sources */,
				B15F2D85215EC68300074A70 /* Team.swift in Sources */,
				B1BDB9A02167E10200EB54B0 /* Game.swift in Sources */,
				B1BDB9AC2167F0BF00EB54B0 /* Mage.swift in Sources */,
				B1BDB9A22167F08000EB54B0 /* Hache.swift in Sources */,
				B1BDB9AE2167F0CA00EB54B0 /* Nain.swift in Sources */,
				B1BDB99C216549AC00EB54B0 /* Weapon.swift in Sources */,
				B1BDB9A42167F08D00EB54B0 /* Epee.swift in Sources */,
				B15F2D83215EA58A00074A70 /* Player.swift in Sources */,
				B1BDB9AA2167F0B400EB54B0 /* Colosse.swift in Sources */,
				B1BDB99E21654EC700EB54B0 /* Character.swift in Sources */,
				B1BDB9A82167F0A800EB54B0 /* Sceptre.swift in Sources */,
				B15F2D7C215C115800074A70 /* main.swift in Sources */,
			);
			runOnlyForDeploymentPostprocessing = 0;
		};
/* End PBXSourcesBuildPhase section */

/* Begin XCBuildConfiguration section */
		B15F2D7D215C115800074A70 /* Debug */ = {
			isa = XCBuildConfiguration;
			buildSettings = {
				ALWAYS_SEARCH_USER_PATHS = NO;
				CLANG_ANALYZER_NONNULL = YES;
				CLANG_ANALYZER_NUMBER_OBJECT_CONVERSION = YES_AGGRESSIVE;
				CLANG_CXX_LANGUAGE_STANDARD = "gnu++14";
				CLANG_CXX_LIBRARY = "libc++";
				CLANG_ENABLE_MODULES = YES;
				CLANG_ENABLE_OBJC_ARC = YES;
				CLANG_ENABLE_OBJC_WEAK = YES;
				CLANG_WARN_BLOCK_CAPTURE_AUTORELEASING = YES;
				CLANG_WARN_BOOL_CONVERSION = YES;
				CLANG_WARN_COMMA = YES;
				CLANG_WARN_CONSTANT_CONVERSION = YES;
				CLANG_WARN_DEPRECATED_OBJC_IMPLEMENTATIONS = YES;
				CLANG_WARN_DIRECT_OBJC_ISA_USAGE = YES_ERROR;
				CLANG_WARN_DOCUMENTATION_COMMENTS = YES;
				CLANG_WARN_EMPTY_BODY = YES;
				CLANG_WARN_ENUM_CONVERSION = YES;
				CLANG_WARN_INFINITE_RECURSION = YES;
				CLANG_WARN_INT_CONVERSION = YES;
				CLANG_WARN_NON_LITERAL_NULL_CONVERSION = YES;
				CLANG_WARN_OBJC_IMPLICIT_RETAIN_SELF = YES;
				CLANG_WARN_OBJC_LITERAL_CONVERSION = YES;
				CLANG_WARN_OBJC_ROOT_CLASS = YES_ERROR;
				CLANG_WARN_RANGE_LOOP_ANALYSIS = YES;
				CLANG_WARN_STRICT_PROTOTYPES = YES;
				CLANG_WARN_SUSPICIOUS_MOVE = YES;
				CLANG_WARN_UNGUARDED_AVAILABILITY = YES_AGGRESSIVE;
				CLANG_WARN_UNREACHABLE_CODE = YES;
				CLANG_WARN__DUPLICATE_METHOD_MATCH = YES;
				CODE_SIGN_IDENTITY = "Mac Developer";
				COPY_PHASE_STRIP = NO;
				DEBUG_INFORMATION_FORMAT = dwarf;
				ENABLE_STRICT_OBJC_MSGSEND = YES;
				ENABLE_TESTABILITY = YES;
				GCC_C_LANGUAGE_STANDARD = gnu11;
				GCC_DYNAMIC_NO_PIC = NO;
				GCC_NO_COMMON_BLOCKS = YES;
				GCC_OPTIMIZATION_LEVEL = 0;
				GCC_PREPROCESSOR_DEFINITIONS = (
					"DEBUG=1",
					"$(inherited)",
				);
				GCC_WARN_64_TO_32_BIT_CONVERSION = YES;
				GCC_WARN_ABOUT_RETURN_TYPE = YES_ERROR;
				GCC_WARN_UNDECLARED_SELECTOR = YES;
				GCC_WARN_UNINITIALIZED_AUTOS = YES_AGGRESSIVE;
				GCC_WARN_UNUSED_FUNCTION = YES;
				GCC_WARN_UNUSED_VARIABLE = YES;
				MACOSX_DEPLOYMENT_TARGET = 10.14;
				MTL_ENABLE_DEBUG_INFO = INCLUDE_SOURCE;
				MTL_FAST_MATH = YES;
				ONLY_ACTIVE_ARCH = YES;
				SDKROOT = macosx;
				SWIFT_ACTIVE_COMPILATION_CONDITIONS = DEBUG;
				SWIFT_OPTIMIZATION_LEVEL = "-Onone";
			};
			name = Debug;
		};
		B15F2D7E215C115800074A70 /* Release */ = {
			isa = XCBuildConfiguration;
			buildSettings = {
				ALWAYS_SEARCH_USER_PATHS = NO;
				CLANG_ANALYZER_NONNULL = YES;
				CLANG_ANALYZER_NUMBER_OBJECT_CONVERSION = YES_AGGRESSIVE;
				CLANG_CXX_LANGUAGE_STANDARD = "gnu++14";
				CLANG_CXX_LIBRARY = "libc++";
				CLANG_ENABLE_MODULES = YES;
				CLANG_ENABLE_OBJC_ARC = YES;
				CLANG_ENABLE_OBJC_WEAK = YES;
				CLANG_WARN_BLOCK_CAPTURE_AUTORELEASING = YES;
				CLANG_WARN_BOOL_CONVERSION = YES;
				CLANG_WARN_COMMA = YES;
				CLANG_WARN_CONSTANT_CONVERSION = YES;
				CLANG_WARN_DEPRECATED_OBJC_IMPLEMENTATIONS = YES;
				CLANG_WARN_DIRECT_OBJC_ISA_USAGE = YES_ERROR;
				CLANG_WARN_DOCUMENTATION_COMMENTS = YES;
				CLANG_WARN_EMPTY_BODY = YES;
				CLANG_WARN_ENUM_CONVERSION = YES;
				CLANG_WARN_INFINITE_RECURSION = YES;
				CLANG_WARN_INT_CONVERSION = YES;
				CLANG_WARN_NON_LITERAL_NULL_CONVERSION = YES;
				CLANG_WARN_OBJC_IMPLICIT_RETAIN_SELF = YES;
				CLANG_WARN_OBJC_LITERAL_CONVERSION = YES;
				CLANG_WARN_OBJC_ROOT_CLASS = YES_ERROR;
				CLANG_WARN_RANGE_LOOP_ANALYSIS = YES;
				CLANG_WARN_STRICT_PROTOTYPES = YES;
				CLANG_WARN_SUSPICIOUS_MOVE = YES;
				CLANG_WARN_UNGUARDED_AVAILABILITY = YES_AGGRESSIVE;
				CLANG_WARN_UNREACHABLE_CODE = YES;
				CLANG_WARN__DUPLICATE_METHOD_MATCH = YES;
				CODE_SIGN_IDENTITY = "Mac Developer";
				COPY_PHASE_STRIP = NO;
				DEBUG_INFORMATION_FORMAT = "dwarf-with-dsym";
				ENABLE_NS_ASSERTIONS = NO;
				ENABLE_STRICT_OBJC_MSGSEND = YES;
				GCC_C_LANGUAGE_STANDARD = gnu11;
				GCC_NO_COMMON_BLOCKS = YES;
				GCC_WARN_64_TO_32_BIT_CONVERSION = YES;
				GCC_WARN_ABOUT_RETURN_TYPE = YES_ERROR;
				GCC_WARN_UNDECLARED_SELECTOR = YES;
				GCC_WARN_UNINITIALIZED_AUTOS = YES_AGGRESSIVE;
				GCC_WARN_UNUSED_FUNCTION = YES;
				GCC_WARN_UNUSED_VARIABLE = YES;
				MACOSX_DEPLOYMENT_TARGET = 10.14;
				MTL_ENABLE_DEBUG_INFO = NO;
				MTL_FAST_MATH = YES;
				SDKROOT = macosx;
				SWIFT_COMPILATION_MODE = wholemodule;
				SWIFT_OPTIMIZATION_LEVEL = "-O";
			};
			name = Release;
		};
		B15F2D80215C115800074A70 /* Debug */ = {
			isa = XCBuildConfiguration;
			buildSettings = {
				CODE_SIGN_STYLE = Automatic;
				DEVELOPMENT_TEAM = L325WJD5P6;
				PRODUCT_NAME = "$(TARGET_NAME)";
				SWIFT_VERSION = 4.2;
			};
			name = Debug;
		};
		B15F2D81215C115800074A70 /* Release */ = {
			isa = XCBuildConfiguration;
			buildSettings = {
				CODE_SIGN_STYLE = Automatic;
				DEVELOPMENT_TEAM = L325WJD5P6;
				PRODUCT_NAME = "$(TARGET_NAME)";
				SWIFT_VERSION = 4.2;
			};
			name = Release;
		};
/* End XCBuildConfiguration section */

/* Begin XCConfigurationList section */
		B15F2D73215C115800074A70 /* Build configuration list for PBXProject "CombatGame" */ = {
			isa = XCConfigurationList;
			buildConfigurations = (
				B15F2D7D215C115800074A70 /* Debug */,
				B15F2D7E215C115800074A70 /* Release */,
			);
			defaultConfigurationIsVisible = 0;
			defaultConfigurationName = Release;
		};
		B15F2D7F215C115800074A70 /* Build configuration list for PBXNativeTarget "CombatGame" */ = {
			isa = XCConfigurationList;
			buildConfigurations = (
				B15F2D80215C115800074A70 /* Debug */,
				B15F2D81215C115800074A70 /* Release */,
			);
			defaultConfigurationIsVisible = 0;
			defaultConfigurationName = Release;
		};
/* End XCConfigurationList section */
	};
	rootObject = B15F2D70215C115800074A70 /* Project object */;
}
